
Microsoft Visual Studio Solution File, Format Version 12.00
# Visual Studio Version 16
VisualStudioVersion = 16.0.30621.155
MinimumVisualStudioVersion = 10.0.40219.1
Project("{FAE04EC0-301F-11D3-BF4B-00C04F79EFBC}") = "TelegramBot_Observer", "TelegramBot_Observer.csproj", "{4236CCE6-F522-4DF3-8AFB-8F9CB4C16957}"
EndProject
Global
	GlobalSection(SolutionConfigurationPlatforms) = preSolution
		Debug|Any CPU = Debug|Any CPU
		Release|Any CPU = Release|Any CPU
	EndGlobalSection
	GlobalSection(ProjectConfigurationPlatforms) = postSolution
		{4236CCE6-F522-4DF3-8AFB-8F9CB4C16957}.Debug|Any CPU.ActiveCfg = Debug|Any CPU
		{4236CCE6-F522-4DF3-8AFB-8F9CB4C16957}.Debug|Any CPU.Build.0 = Debug|Any CPU
		{4236CCE6-F522-4DF3-8AFB-8F9CB4C16957}.Release|Any CPU.ActiveCfg = Release|Any CPU
		{4236CCE6-F522-4DF3-8AFB-8F9CB4C16957}.Release|Any CPU.Build.0 = Release|Any CPU
	EndGlobalSection
	GlobalSection(SolutionProperties) = preSolution
		HideSolutionNode = FALSE
	EndGlobalSection
	GlobalSection(ExtensibilityGlobals) = postSolution
		SolutionGuid = {61E67E24-02EB-47C8-8972-E93DFB75C97E}
	EndGlobalSection
EndGlobal
